// !$*UTF8*$!
{
	archiveVersion = 1;
	classes = {
	};
	objectVersion = 77;
	objects = {

/* Begin PBXBuildFile section */
		56EA09EC2D467E5F006224E7 /* Climb Log Watch App.app in Embed Watch Content */ = {isa = PBXBuildFile; fileRef = 56EA09EB2D467E5F006224E7 /* Climb Log Watch App.app */; settings = {ATTRIBUTES = (RemoveHeadersOnCopy, ); }; };
/* End PBXBuildFile section */

/* Begin PBXContainerItemProxy section */
		56EA09ED2D467E5F006224E7 /* PBXContainerItemProxy */ = {
			isa = PBXContainerItemProxy;
			containerPortal = 56EA09DF2D467E5F006224E7 /* Project object */;
			proxyType = 1;
			remoteGlobalIDString = 56EA09EA2D467E5F006224E7;
			remoteInfo = "Climb Log Watch App";
		};
		56EA09FE2D467E61006224E7 /* PBXContainerItemProxy */ = {
			isa = PBXContainerItemProxy;
			containerPortal = 56EA09DF2D467E5F006224E7 /* Project object */;
			proxyType = 1;
			remoteGlobalIDString = 56EA09EA2D467E5F006224E7;
			remoteInfo = "Climb Log Watch App";
		};
		56EA0A082D467E61006224E7 /* PBXContainerItemProxy */ = {
			isa = PBXContainerItemProxy;
			containerPortal = 56EA09DF2D467E5F006224E7 /* Project object */;
			proxyType = 1;
			remoteGlobalIDString = 56EA09EA2D467E5F006224E7;
			remoteInfo = "Climb Log Watch App";
		};
/* End PBXContainerItemProxy section */

/* Begin PBXCopyFilesBuildPhase section */
		56EA0A142D467E61006224E7 /* Embed Watch Content */ = {
			isa = PBXCopyFilesBuildPhase;
			buildActionMask = 2147483647;
			dstPath = "$(CONTENTS_FOLDER_PATH)/Watch";
			dstSubfolderSpec = 16;
			files = (
				56EA09EC2D467E5F006224E7 /* Climb Log Watch App.app in Embed Watch Content */,
			);
			name = "Embed Watch Content";
			runOnlyForDeploymentPostprocessing = 0;
		};
/* End PBXCopyFilesBuildPhase section */

/* Begin PBXFileReference section */
		56EA09E52D467E5F006224E7 /* Climb Log.app */ = {isa = PBXFileReference; explicitFileType = wrapper.application; includeInIndex = 0; path = "Climb Log.app"; sourceTree = BUILT_PRODUCTS_DIR; };
		56EA09EB2D467E5F006224E7 /* Climb Log Watch App.app */ = {isa = PBXFileReference; explicitFileType = wrapper.application; includeInIndex = 0; path = "Climb Log Watch App.app"; sourceTree = BUILT_PRODUCTS_DIR; };
		56EA09FD2D467E61006224E7 /* Climb Log Watch AppTests.xctest */ = {isa = PBXFileReference; explicitFileType = wrapper.cfbundle; includeInIndex = 0; path = "Climb Log Watch AppTests.xctest"; sourceTree = BUILT_PRODUCTS_DIR; };
		56EA0A072D467E61006224E7 /* Climb Log Watch AppUITests.xctest */ = {isa = PBXFileReference; explicitFileType = wrapper.cfbundle; includeInIndex = 0; path = "Climb Log Watch AppUITests.xctest"; sourceTree = BUILT_PRODUCTS_DIR; };
/* End PBXFileReference section */

/* Begin PBXFileSystemSynchronizedRootGroup section */
		56EA09EF2D467E5F006224E7 /* Climb Log Watch App */ = {
			isa = PBXFileSystemSynchronizedRootGroup;
			path = "Climb Log Watch App";
			sourceTree = "<group>";
		};
		56EA0A002D467E61006224E7 /* Climb Log Watch AppTests */ = {
			isa = PBXFileSystemSynchronizedRootGroup;
			path = "Climb Log Watch AppTests";
			sourceTree = "<group>";
		};
		56EA0A0A2D467E61006224E7 /* Climb Log Watch AppUITests */ = {
			isa = PBXFileSystemSynchronizedRootGroup;
			path = "Climb Log Watch AppUITests";
			sourceTree = "<group>";
		};
/* End PBXFileSystemSynchronizedRootGroup section */

/* Begin PBXFrameworksBuildPhase section */
		56EA09E82D467E5F006224E7 /* Frameworks */ = {
			isa = PBXFrameworksBuildPhase;
			buildActionMask = 2147483647;
			files = (
			);
			runOnlyForDeploymentPostprocessing = 0;
		};
		56EA09FA2D467E61006224E7 /* Frameworks */ = {
			isa = PBXFrameworksBuildPhase;
			buildActionMask = 2147483647;
			files = (
			);
			runOnlyForDeploymentPostprocessing = 0;
		};
		56EA0A042D467E61006224E7 /* Frameworks */ = {
			isa = PBXFrameworksBuildPhase;
			buildActionMask = 2147483647;
			files = (
			);
			runOnlyForDeploymentPostprocessing = 0;
		};
/* End PBXFrameworksBuildPhase section */

/* Begin PBXGroup section */
		56EA09DE2D467E5F006224E7 = {
			isa = PBXGroup;
			children = (
				56EA09EF2D467E5F006224E7 /* Climb Log Watch App */,
				56EA0A002D467E61006224E7 /* Climb Log Watch AppTests */,
				56EA0A0A2D467E61006224E7 /* Climb Log Watch AppUITests */,
				56EA09E62D467E5F006224E7 /* Products */,
			);
			sourceTree = "<group>";
		};
		56EA09E62D467E5F006224E7 /* Products */ = {
			isa = PBXGroup;
			children = (
				56EA09E52D467E5F006224E7 /* Climb Log.app */,
				56EA09EB2D467E5F006224E7 /* Climb Log Watch App.app */,
				56EA09FD2D467E61006224E7 /* Climb Log Watch AppTests.xctest */,
				56EA0A072D467E61006224E7 /* Climb Log Watch AppUITests.xctest */,
			);
			name = Products;
			sourceTree = "<group>";
		};
/* End PBXGroup section */

/* Begin PBXNativeTarget section */
		56EA09E42D467E5F006224E7 /* Climb Log */ = {
			isa = PBXNativeTarget;
			buildConfigurationList = 56EA0A152D467E61006224E7 /* Build configuration list for PBXNativeTarget "Climb Log" */;
			buildPhases = (
				56EA09E32D467E5F006224E7 /* Resources */,
				56EA0A142D467E61006224E7 /* Embed Watch Content */,
			);
			buildRules = (
			);
			dependencies = (
				56EA09EE2D467E5F006224E7 /* PBXTargetDependency */,
			);
			name = "Climb Log";
			packageProductDependencies = (
			);
			productName = "Climb Log";
			productReference = 56EA09E52D467E5F006224E7 /* Climb Log.app */;
			productType = "com.apple.product-type.application.watchapp2-container";
		};
		56EA09EA2D467E5F006224E7 /* Climb Log Watch App */ = {
			isa = PBXNativeTarget;
			buildConfigurationList = 56EA0A112D467E61006224E7 /* Build configuration list for PBXNativeTarget "Climb Log Watch App" */;
			buildPhases = (
				56EA09E72D467E5F006224E7 /* Sources */,
				56EA09E82D467E5F006224E7 /* Frameworks */,
				56EA09E92D467E5F006224E7 /* Resources */,
			);
			buildRules = (
			);
			dependencies = (
			);
			fileSystemSynchronizedGroups = (
				56EA09EF2D467E5F006224E7 /* Climb Log Watch App */,
			);
			name = "Climb Log Watch App";
			packageProductDependencies = (
			);
			productName = "Climb Log Watch App";
			productReference = 56EA09EB2D467E5F006224E7 /* Climb Log Watch App.app */;
			productType = "com.apple.product-type.application";
		};
		56EA09FC2D467E61006224E7 /* Climb Log Watch AppTests */ = {
			isa = PBXNativeTarget;
			buildConfigurationList = 56EA0A182D467E61006224E7 /* Build configuration list for PBXNativeTarget "Climb Log Watch AppTests" */;
			buildPhases = (
				56EA09F92D467E61006224E7 /* Sources */,
				56EA09FA2D467E61006224E7 /* Frameworks */,
				56EA09FB2D467E61006224E7 /* Resources */,
			);
			buildRules = (
			);
			dependencies = (
				56EA09FF2D467E61006224E7 /* PBXTargetDependency */,
			);
			fileSystemSynchronizedGroups = (
				56EA0A002D467E61006224E7 /* Climb Log Watch AppTests */,
			);
			name = "Climb Log Watch AppTests";
			packageProductDependencies = (
			);
			productName = "Climb Log Watch AppTests";
			productReference = 56EA09FD2D467E61006224E7 /* Climb Log Watch AppTests.xctest */;
			productType = "com.apple.product-type.bundle.unit-test";
		};
		56EA0A062D467E61006224E7 /* Climb Log Watch AppUITests */ = {
			isa = PBXNativeTarget;
			buildConfigurationList = 56EA0A1B2D467E61006224E7 /* Build configuration list for PBXNativeTarget "Climb Log Watch AppUITests" */;
			buildPhases = (
				56EA0A032D467E61006224E7 /* Sources */,
				56EA0A042D467E61006224E7 /* Frameworks */,
				56EA0A052D467E61006224E7 /* Resources */,
			);
			buildRules = (
			);
			dependencies = (
				56EA0A092D467E61006224E7 /* PBXTargetDependency */,
			);
			fileSystemSynchronizedGroups = (
				56EA0A0A2D467E61006224E7 /* Climb Log Watch AppUITests */,
			);
			name = "Climb Log Watch AppUITests";
			packageProductDependencies = (
			);
			productName = "Climb Log Watch AppUITests";
			productReference = 56EA0A072D467E61006224E7 /* Climb Log Watch AppUITests.xctest */;
			productType = "com.apple.product-type.bundle.ui-testing";
		};
/* End PBXNativeTarget section */

/* Begin PBXProject section */
		56EA09DF2D467E5F006224E7 /* Project object */ = {
			isa = PBXProject;
			attributes = {
				BuildIndependentTargetsInParallel = 1;
				LastSwiftUpdateCheck = 1620;
				LastUpgradeCheck = 1620;
				TargetAttributes = {
					56EA09E42D467E5F006224E7 = {
						CreatedOnToolsVersion = 16.2;
					};
					56EA09EA2D467E5F006224E7 = {
						CreatedOnToolsVersion = 16.2;
					};
					56EA09FC2D467E61006224E7 = {
						CreatedOnToolsVersion = 16.2;
						TestTargetID = 56EA09EA2D467E5F006224E7;
					};
					56EA0A062D467E61006224E7 = {
						CreatedOnToolsVersion = 16.2;
						TestTargetID = 56EA09EA2D467E5F006224E7;
					};
				};
			};
			buildConfigurationList = 56EA09E22D467E5F006224E7 /* Build configuration list for PBXProject "Climb Log" */;
			developmentRegion = en;
			hasScannedForEncodings = 0;
			knownRegions = (
				en,
				Base,
			);
			mainGroup = 56EA09DE2D467E5F006224E7;
			minimizedProjectReferenceProxies = 1;
			preferredProjectObjectVersion = 77;
			productRefGroup = 56EA09E62D467E5F006224E7 /* Products */;
			projectDirPath = "";
			projectRoot = "";
			targets = (
				56EA09E42D467E5F006224E7 /* Climb Log */,
				56EA09EA2D467E5F006224E7 /* Climb Log Watch App */,
				56EA09FC2D467E61006224E7 /* Climb Log Watch AppTests */,
				56EA0A062D467E61006224E7 /* Climb Log Watch AppUITests */,
			);
		};
/* End PBXProject section */

/* Begin PBXResourcesBuildPhase section */
		56EA09E32D467E5F006224E7 /* Resources */ = {
			isa = PBXResourcesBuildPhase;
			buildActionMask = 2147483647;
			files = (
			);
			runOnlyForDeploymentPostprocessing = 0;
		};
		56EA09E92D467E5F006224E7 /* Resources */ = {
			isa = PBXResourcesBuildPhase;
			buildActionMask = 2147483647;
			files = (
			);
			runOnlyForDeploymentPostprocessing = 0;
		};
		56EA09FB2D467E61006224E7 /* Resources */ = {
			isa = PBXResourcesBuildPhase;
			buildActionMask = 2147483647;
			files = (
			);
			runOnlyForDeploymentPostprocessing = 0;
		};
		56EA0A052D467E61006224E7 /* Resources */ = {
			isa = PBXResourcesBuildPhase;
			buildActionMask = 2147483647;
			files = (
			);
			runOnlyForDeploymentPostprocessing = 0;
		};
/* End PBXResourcesBuildPhase section */

/* Begin PBXSourcesBuildPhase section */
		56EA09E72D467E5F006224E7 /* Sources */ = {
			isa = PBXSourcesBuildPhase;
			buildActionMask = 2147483647;
			files = (
			);
			runOnlyForDeploymentPostprocessing = 0;
		};
		56EA09F92D467E61006224E7 /* Sources */ = {
			isa = PBXSourcesBuildPhase;
			buildActionMask = 2147483647;
			files = (
			);
			runOnlyForDeploymentPostprocessing = 0;
		};
		56EA0A032D467E61006224E7 /* Sources */ = {
			isa = PBXSourcesBuildPhase;
			buildActionMask = 2147483647;
			files = (
			);
			runOnlyForDeploymentPostprocessing = 0;
		};
/* End PBXSourcesBuildPhase section */

/* Begin PBXTargetDependency section */
		56EA09EE2D467E5F006224E7 /* PBXTargetDependency */ = {
			isa = PBXTargetDependency;
			target = 56EA09EA2D467E5F006224E7 /* Climb Log Watch App */;
			targetProxy = 56EA09ED2D467E5F006224E7 /* PBXContainerItemProxy */;
		};
		56EA09FF2D467E61006224E7 /* PBXTargetDependency */ = {
			isa = PBXTargetDependency;
			target = 56EA09EA2D467E5F006224E7 /* Climb Log Watch App */;
			targetProxy = 56EA09FE2D467E61006224E7 /* PBXContainerItemProxy */;
		};
		56EA0A092D467E61006224E7 /* PBXTargetDependency */ = {
			isa = PBXTargetDependency;
			target = 56EA09EA2D467E5F006224E7 /* Climb Log Watch App */;
			targetProxy = 56EA0A082D467E61006224E7 /* PBXContainerItemProxy */;
		};
/* End PBXTargetDependency section */

/* Begin XCBuildConfiguration section */
		56EA0A0F2D467E61006224E7 /* Debug */ = {
			isa = XCBuildConfiguration;
			buildSettings = {
				ALWAYS_SEARCH_USER_PATHS = NO;
				ASSETCATALOG_COMPILER_GENERATE_SWIFT_ASSET_SYMBOL_EXTENSIONS = YES;
				CLANG_ANALYZER_NONNULL = YES;
				CLANG_ANALYZER_NUMBER_OBJECT_CONVERSION = YES_AGGRESSIVE;
				CLANG_CXX_LANGUAGE_STANDARD = "gnu++20";
				CLANG_ENABLE_MODULES = YES;
				CLANG_ENABLE_OBJC_ARC = YES;
				CLANG_ENABLE_OBJC_WEAK = YES;
				CLANG_WARN_BLOCK_CAPTURE_AUTORELEASING = YES;
				CLANG_WARN_BOOL_CONVERSION = YES;
				CLANG_WARN_COMMA = YES;
				CLANG_WARN_CONSTANT_CONVERSION = YES;
				CLANG_WARN_DEPRECATED_OBJC_IMPLEMENTATIONS = YES;
				CLANG_WARN_DIRECT_OBJC_ISA_USAGE = YES_ERROR;
				CLANG_WARN_DOCUMENTATION_COMMENTS = YES;
				CLANG_WARN_EMPTY_BODY = YES;
				CLANG_WARN_ENUM_CONVERSION = YES;
				CLANG_WARN_INFINITE_RECURSION = YES;
				CLANG_WARN_INT_CONVERSION = YES;
				CLANG_WARN_NON_LITERAL_NULL_CONVERSION = YES;
				CLANG_WARN_OBJC_IMPLICIT_RETAIN_SELF = YES;
				CLANG_WARN_OBJC_LITERAL_CONVERSION = YES;
				CLANG_WARN_OBJC_ROOT_CLASS = YES_ERROR;
				CLANG_WARN_QUOTED_INCLUDE_IN_FRAMEWORK_HEADER = YES;
				CLANG_WARN_RANGE_LOOP_ANALYSIS = YES;
				CLANG_WARN_STRICT_PROTOTYPES = YES;
				CLANG_WARN_SUSPICIOUS_MOVE = YES;
				CLANG_WARN_UNGUARDED_AVAILABILITY = YES_AGGRESSIVE;
				CLANG_WARN_UNREACHABLE_CODE = YES;
				CLANG_WARN__DUPLICATE_METHOD_MATCH = YES;
				COPY_PHASE_STRIP = NO;
				DEBUG_INFORMATION_FORMAT = dwarf;
				ENABLE_STRICT_OBJC_MSGSEND = YES;
				ENABLE_TESTABILITY = YES;
				ENABLE_USER_SCRIPT_SANDBOXING = YES;
				GCC_C_LANGUAGE_STANDARD = gnu17;
				GCC_DYNAMIC_NO_PIC = NO;
				GCC_NO_COMMON_BLOCKS = YES;
				GCC_OPTIMIZATION_LEVEL = 0;
				GCC_PREPROCESSOR_DEFINITIONS = (
					"DEBUG=1",
					"$(inherited)",
				);
				GCC_WARN_64_TO_32_BIT_CONVERSION = YES;
				GCC_WARN_ABOUT_RETURN_TYPE = YES_ERROR;
				GCC_WARN_UNDECLARED_SELECTOR = YES;
				GCC_WARN_UNINITIALIZED_AUTOS = YES_AGGRESSIVE;
				GCC_WARN_UNUSED_FUNCTION = YES;
				GCC_WARN_UNUSED_VARIABLE = YES;
				LOCALIZATION_PREFERS_STRING_CATALOGS = YES;
				MTL_ENABLE_DEBUG_INFO = INCLUDE_SOURCE;
				MTL_FAST_MATH = YES;
				ONLY_ACTIVE_ARCH = YES;
				SWIFT_ACTIVE_COMPILATION_CONDITIONS = "DEBUG $(inherited)";
				SWIFT_OPTIMIZATION_LEVEL = "-Onone";
			};
			name = Debug;
		};
		56EA0A102D467E61006224E7 /* Release */ = {
			isa = XCBuildConfiguration;
			buildSettings = {
				ALWAYS_SEARCH_USER_PATHS = NO;
				ASSETCATALOG_COMPILER_GENERATE_SWIFT_ASSET_SYMBOL_EXTENSIONS = YES;
				CLANG_ANALYZER_NONNULL = YES;
				CLANG_ANALYZER_NUMBER_OBJECT_CONVERSION = YES_AGGRESSIVE;
				CLANG_CXX_LANGUAGE_STANDARD = "gnu++20";
				CLANG_ENABLE_MODULES = YES;
				CLANG_ENABLE_OBJC_ARC = YES;
				CLANG_ENABLE_OBJC_WEAK = YES;
				CLANG_WARN_BLOCK_CAPTURE_AUTORELEASING = YES;
				CLANG_WARN_BOOL_CONVERSION = YES;
				CLANG_WARN_COMMA = YES;
				CLANG_WARN_CONSTANT_CONVERSION = YES;
				CLANG_WARN_DEPRECATED_OBJC_IMPLEMENTATIONS = YES;
				CLANG_WARN_DIRECT_OBJC_ISA_USAGE = YES_ERROR;
				CLANG_WARN_DOCUMENTATION_COMMENTS = YES;
				CLANG_WARN_EMPTY_BODY = YES;
				CLANG_WARN_ENUM_CONVERSION = YES;
				CLANG_WARN_INFINITE_RECURSION = YES;
				CLANG_WARN_INT_CONVERSION = YES;
				CLANG_WARN_NON_LITERAL_NULL_CONVERSION = YES;
				CLANG_WARN_OBJC_IMPLICIT_RETAIN_SELF = YES;
				CLANG_WARN_OBJC_LITERAL_CONVERSION = YES;
				CLANG_WARN_OBJC_ROOT_CLASS = YES_ERROR;
				CLANG_WARN_QUOTED_INCLUDE_IN_FRAMEWORK_HEADER = YES;
				CLANG_WARN_RANGE_LOOP_ANALYSIS = YES;
				CLANG_WARN_STRICT_PROTOTYPES = YES;
				CLANG_WARN_SUSPICIOUS_MOVE = YES;
				CLANG_WARN_UNGUARDED_AVAILABILITY = YES_AGGRESSIVE;
				CLANG_WARN_UNREACHABLE_CODE = YES;
				CLANG_WARN__DUPLICATE_METHOD_MATCH = YES;
				COPY_PHASE_STRIP = NO;
				DEBUG_INFORMATION_FORMAT = "dwarf-with-dsym";
				ENABLE_NS_ASSERTIONS = NO;
				ENABLE_STRICT_OBJC_MSGSEND = YES;
				ENABLE_USER_SCRIPT_SANDBOXING = YES;
				GCC_C_LANGUAGE_STANDARD = gnu17;
				GCC_NO_COMMON_BLOCKS = YES;
				GCC_WARN_64_TO_32_BIT_CONVERSION = YES;
				GCC_WARN_ABOUT_RETURN_TYPE = YES_ERROR;
				GCC_WARN_UNDECLARED_SELECTOR = YES;
				GCC_WARN_UNINITIALIZED_AUTOS = YES_AGGRESSIVE;
				GCC_WARN_UNUSED_FUNCTION = YES;
				GCC_WARN_UNUSED_VARIABLE = YES;
				LOCALIZATION_PREFERS_STRING_CATALOGS = YES;
				MTL_ENABLE_DEBUG_INFO = NO;
				MTL_FAST_MATH = YES;
				SWIFT_COMPILATION_MODE = wholemodule;
			};
			name = Release;
		};
		56EA0A122D467E61006224E7 /* Debug */ = {
			isa = XCBuildConfiguration;
			buildSettings = {
				ASSETCATALOG_COMPILER_APPICON_NAME = AppIcon;
				ASSETCATALOG_COMPILER_GLOBAL_ACCENT_COLOR_NAME = AccentColor;
				CODE_SIGN_STYLE = Automatic;
				CURRENT_PROJECT_VERSION = 1;
				DEVELOPMENT_ASSET_PATHS = "\"Climb Log Watch App/Preview Content\"";
				DEVELOPMENT_TEAM = 49LZ4CWM4B;
				ENABLE_PREVIEWS = YES;
				GENERATE_INFOPLIST_FILE = YES;
				INFOPLIST_KEY_CFBundleDisplayName = "Climb Log";
				INFOPLIST_KEY_UISupportedInterfaceOrientations = "UIInterfaceOrientationPortrait UIInterfaceOrientationPortraitUpsideDown";
				INFOPLIST_KEY_WKWatchOnly = YES;
				LD_RUNPATH_SEARCH_PATHS = (
					"$(inherited)",
					"@executable_path/Frameworks",
				);
				MARKETING_VERSION = 1.0;
				PRODUCT_BUNDLE_IDENTIFIER = "iliaShcheglov.Climb-Log.watchkitapp";
				PRODUCT_NAME = "$(TARGET_NAME)";
				SDKROOT = watchos;
				SKIP_INSTALL = YES;
				SWIFT_EMIT_LOC_STRINGS = YES;
				SWIFT_VERSION = 5.0;
				TARGETED_DEVICE_FAMILY = 4;
				WATCHOS_DEPLOYMENT_TARGET = 11.2;
			};
			name = Debug;
		};
		56EA0A132D467E61006224E7 /* Release */ = {
			isa = XCBuildConfiguration;
			buildSettings = {
				ASSETCATALOG_COMPILER_APPICON_NAME = AppIcon;
				ASSETCATALOG_COMPILER_GLOBAL_ACCENT_COLOR_NAME = AccentColor;
				CODE_SIGN_STYLE = Automatic;
				CURRENT_PROJECT_VERSION = 1;
				DEVELOPMENT_ASSET_PATHS = "\"Climb Log Watch App/Preview Content\"";
				DEVELOPMENT_TEAM = 49LZ4CWM4B;
				ENABLE_PREVIEWS = YES;
				GENERATE_INFOPLIST_FILE = YES;
				INFOPLIST_KEY_CFBundleDisplayName = "Climb Log";
				INFOPLIST_KEY_UISupportedInterfaceOrientations = "UIInterfaceOrientationPortrait UIInterfaceOrientationPortraitUpsideDown";
				INFOPLIST_KEY_WKWatchOnly = YES;
				LD_RUNPATH_SEARCH_PATHS = (
					"$(inherited)",
					"@executable_path/Frameworks",
				);
				MARKETING_VERSION = 1.0;
				PRODUCT_BUNDLE_IDENTIFIER = "iliaShcheglov.Climb-Log.watchkitapp";
				PRODUCT_NAME = "$(TARGET_NAME)";
				SDKROOT = watchos;
				SKIP_INSTALL = YES;
				SWIFT_EMIT_LOC_STRINGS = YES;
				SWIFT_VERSION = 5.0;
				TARGETED_DEVICE_FAMILY = 4;
				VALIDATE_PRODUCT = YES;
				WATCHOS_DEPLOYMENT_TARGET = 11.2;
			};
			name = Release;
		};
		56EA0A162D467E61006224E7 /* Debug */ = {
			isa = XCBuildConfiguration;
			buildSettings = {
				CODE_SIGN_STYLE = Automatic;
				CURRENT_PROJECT_VERSION = 1;
				DEVELOPMENT_TEAM = 49LZ4CWM4B;
				INFOPLIST_KEY_CFBundleDisplayName = "Climb Log";
				MARKETING_VERSION = 1.0;
				PRODUCT_BUNDLE_IDENTIFIER = "iliaShcheglov.Climb-Log";
				PRODUCT_NAME = "$(TARGET_NAME)";
				SDKROOT = iphoneos;
				SWIFT_VERSION = 5.0;
			};
			name = Debug;
		};
		56EA0A172D467E61006224E7 /* Release */ = {
			isa = XCBuildConfiguration;
			buildSettings = {
				CODE_SIGN_STYLE = Automatic;
				CURRENT_PROJECT_VERSION = 1;
				DEVELOPMENT_TEAM = 49LZ4CWM4B;
				INFOPLIST_KEY_CFBundleDisplayName = "Climb Log";
				MARKETING_VERSION = 1.0;
				PRODUCT_BUNDLE_IDENTIFIER = "iliaShcheglov.Climb-Log";
				PRODUCT_NAME = "$(TARGET_NAME)";
				SDKROOT = iphoneos;
				SWIFT_VERSION = 5.0;
				VALIDATE_PRODUCT = YES;
			};
			name = Release;
		};
		56EA0A192D467E61006224E7 /* Debug */ = {
			isa = XCBuildConfiguration;
			buildSettings = {
				BUNDLE_LOADER = "$(TEST_HOST)";
				CODE_SIGN_STYLE = Automatic;
				CURRENT_PROJECT_VERSION = 1;
				DEVELOPMENT_TEAM = 49LZ4CWM4B;
				GENERATE_INFOPLIST_FILE = YES;
				MARKETING_VERSION = 1.0;
				PRODUCT_BUNDLE_IDENTIFIER = "iliaShcheglov.Climb-Log-Watch-AppTests";
				PRODUCT_NAME = "$(TARGET_NAME)";
				SDKROOT = watchos;
				SWIFT_EMIT_LOC_STRINGS = NO;
				SWIFT_VERSION = 5.0;
				TARGETED_DEVICE_FAMILY = 4;
				TEST_HOST = "$(BUILT_PRODUCTS_DIR)/Climb Log Watch App.app/$(BUNDLE_EXECUTABLE_FOLDER_PATH)/Climb Log Watch App";
				WATCHOS_DEPLOYMENT_TARGET = 11.2;
			};
			name = Debug;
		};
		56EA0A1A2D467E61006224E7 /* Release */ = {
			isa = XCBuildConfiguration;
			buildSettings = {
				BUNDLE_LOADER = "$(TEST_HOST)";
				CODE_SIGN_STYLE = Automatic;
				CURRENT_PROJECT_VERSION = 1;
				DEVELOPMENT_TEAM = 49LZ4CWM4B;
				GENERATE_INFOPLIST_FILE = YES;
				MARKETING_VERSION = 1.0;
				PRODUCT_BUNDLE_IDENTIFIER = "iliaShcheglov.Climb-Log-Watch-AppTests";
				PRODUCT_NAME = "$(TARGET_NAME)";
				SDKROOT = watchos;
				SWIFT_EMIT_LOC_STRINGS = NO;
				SWIFT_VERSION = 5.0;
				TARGETED_DEVICE_FAMILY = 4;
				TEST_HOST = "$(BUILT_PRODUCTS_DIR)/Climb Log Watch App.app/$(BUNDLE_EXECUTABLE_FOLDER_PATH)/Climb Log Watch App";
				VALIDATE_PRODUCT = YES;
				WATCHOS_DEPLOYMENT_TARGET = 11.2;
			};
			name = Release;
		};
		56EA0A1C2D467E61006224E7 /* Debug */ = {
			isa = XCBuildConfiguration;
			buildSettings = {
				CODE_SIGN_STYLE = Automatic;
				CURRENT_PROJECT_VERSION = 1;
				DEVELOPMENT_TEAM = 49LZ4CWM4B;
				GENERATE_INFOPLIST_FILE = YES;
				MARKETING_VERSION = 1.0;
				PRODUCT_BUNDLE_IDENTIFIER = "iliaShcheglov.Climb-Log-Watch-AppUITests";
				PRODUCT_NAME = "$(TARGET_NAME)";
				SDKROOT = watchos;
				SWIFT_EMIT_LOC_STRINGS = NO;
				SWIFT_VERSION = 5.0;
				TARGETED_DEVICE_FAMILY = 4;
				TEST_TARGET_NAME = "Climb Log Watch App";
				WATCHOS_DEPLOYMENT_TARGET = 11.2;
			};
			name = Debug;
		};
		56EA0A1D2D467E61006224E7 /* Release */ = {
			isa = XCBuildConfiguration;
			buildSettings = {
				CODE_SIGN_STYLE = Automatic;
				CURRENT_PROJECT_VERSION = 1;
				DEVELOPMENT_TEAM = 49LZ4CWM4B;
				GENERATE_INFOPLIST_FILE = YES;
				MARKETING_VERSION = 1.0;
				PRODUCT_BUNDLE_IDENTIFIER = "iliaShcheglov.Climb-Log-Watch-AppUITests";
				PRODUCT_NAME = "$(TARGET_NAME)";
				SDKROOT = watchos;
				SWIFT_EMIT_LOC_STRINGS = NO;
				SWIFT_VERSION = 5.0;
				TARGETED_DEVICE_FAMILY = 4;
				TEST_TARGET_NAME = "Climb Log Watch App";
				VALIDATE_PRODUCT = YES;
				WATCHOS_DEPLOYMENT_TARGET = 11.2;
			};
			name = Release;
		};
/* End XCBuildConfiguration section */

/* Begin XCConfigurationList section */
		56EA09E22D467E5F006224E7 /* Build configuration list for PBXProject "Climb Log" */ = {
			isa = XCConfigurationList;
			buildConfigurations = (
				56EA0A0F2D467E61006224E7 /* Debug */,
				56EA0A102D467E61006224E7 /* Release */,
			);
			defaultConfigurationIsVisible = 0;
			defaultConfigurationName = Release;
		};
		56EA0A112D467E61006224E7 /* Build configuration list for PBXNativeTarget "Climb Log Watch App" */ = {
			isa = XCConfigurationList;
			buildConfigurations = (
				56EA0A122D467E61006224E7 /* Debug */,
				56EA0A132D467E61006224E7 /* Release */,
			);
			defaultConfigurationIsVisible = 0;
			defaultConfigurationName = Release;
		};
		56EA0A152D467E61006224E7 /* Build configuration list for PBXNativeTarget "Climb Log" */ = {
			isa = XCConfigurationList;
			buildConfigurations = (
				56EA0A162D467E61006224E7 /* Debug */,
				56EA0A172D467E61006224E7 /* Release */,
			);
			defaultConfigurationIsVisible = 0;
			defaultConfigurationName = Release;
		};
		56EA0A182D467E61006224E7 /* Build configuration list for PBXNativeTarget "Climb Log Watch AppTests" */ = {
			isa = XCConfigurationList;
			buildConfigurations = (
				56EA0A192D467E61006224E7 /* Debug */,
				56EA0A1A2D467E61006224E7 /* Release */,
			);
			defaultConfigurationIsVisible = 0;
			defaultConfigurationName = Release;
		};
		56EA0A1B2D467E61006224E7 /* Build configuration list for PBXNativeTarget "Climb Log Watch AppUITests" */ = {
			isa = XCConfigurationList;
			buildConfigurations = (
				56EA0A1C2D467E61006224E7 /* Debug */,
				56EA0A1D2D467E61006224E7 /* Release */,
			);
			defaultConfigurationIsVisible = 0;
			defaultConfigurationName = Release;
		};
/* End XCConfigurationList section */
	};
	rootObject = 56EA09DF2D467E5F006224E7 /* Project object */;
}
